
Microsoft Visual Studio Solution File, Format Version 12.00
# Visual Studio Version 17
VisualStudioVersion = 17.10.35013.160
MinimumVisualStudioVersion = 10.0.40219.1
Project("{FAE04EC0-301F-11D3-BF4B-00C04F79EFBC}") = "CodeFirstFinalTask", "CodeFirstFinalTask\CodeFirstFinalTask.csproj", "{80AEF07C-092F-48B7-9CA1-BAF3993C0DBD}"
EndProject
Global
	GlobalSection(SolutionConfigurationPlatforms) = preSolution
		Debug|Any CPU = Debug|Any CPU
		Release|Any CPU = Release|Any CPU
	EndGlobalSection
	GlobalSection(ProjectConfigurationPlatforms) = postSolution
		{80AEF07C-092F-48B7-9CA1-BAF3993C0DBD}.Debug|Any CPU.ActiveCfg = Debug|Any CPU
		{80AEF07C-092F-48B7-9CA1-BAF3993C0DBD}.Debug|Any CPU.Build.0 = Debug|Any CPU
		{80AEF07C-092F-48B7-9CA1-BAF3993C0DBD}.Release|Any CPU.ActiveCfg = Release|Any CPU
		{80AEF07C-092F-48B7-9CA1-BAF3993C0DBD}.Release|Any CPU.Build.0 = Release|Any CPU
	EndGlobalSection
	GlobalSection(SolutionProperties) = preSolution
		HideSolutionNode = FALSE
	EndGlobalSection
	GlobalSection(ExtensibilityGlobals) = postSolution
		SolutionGuid = {899CDE8C-B526-4A31-B461-A545D576FA0F}
	EndGlobalSection
EndGlobal
