
Microsoft Visual Studio Solution File, Format Version 12.00
# Visual Studio Version 17
VisualStudioVersion = 17.10.35013.160
MinimumVisualStudioVersion = 10.0.40219.1
Project("{FAE04EC0-301F-11D3-BF4B-00C04F79EFBC}") = "MvcTask(7-23-2024)", "MvcTask(7-23-2024)\MvcTask(7-23-2024).csproj", "{3BB4759E-E7DC-4ADB-8667-C52241BA1213}"
EndProject
Global
	GlobalSection(SolutionConfigurationPlatforms) = preSolution
		Debug|Any CPU = Debug|Any CPU
		Release|Any CPU = Release|Any CPU
	EndGlobalSection
	GlobalSection(ProjectConfigurationPlatforms) = postSolution
		{3BB4759E-E7DC-4ADB-8667-C52241BA1213}.Debug|Any CPU.ActiveCfg = Debug|Any CPU
		{3BB4759E-E7DC-4ADB-8667-C52241BA1213}.Debug|Any CPU.Build.0 = Debug|Any CPU
		{3BB4759E-E7DC-4ADB-8667-C52241BA1213}.Release|Any CPU.ActiveCfg = Release|Any CPU
		{3BB4759E-E7DC-4ADB-8667-C52241BA1213}.Release|Any CPU.Build.0 = Release|Any CPU
	EndGlobalSection
	GlobalSection(SolutionProperties) = preSolution
		HideSolutionNode = FALSE
	EndGlobalSection
	GlobalSection(ExtensibilityGlobals) = postSolution
		SolutionGuid = {13B269B2-39FF-46AE-B3BA-AAD38969C568}
	EndGlobalSection
EndGlobal
